gigothub.com/gorilla/mux v1.7.4 h1:VuZ8uybHlWmqV03+zRzdwKL4tUnIp1MAQtp1mIFE1bc=
github.com/gorilla/mux v1.7.4 h1:VuZ8uybHlWmqV03+zRzdwKL4tUnIp1MAQtp1mIFE1bc=
github.com/gorilla/mux v1.7.4/go.mod h1:DVbg23sWSpFRCP0SfiEN6jmj59UnW/n46BH5rLB71So=
github.com/leesper/couchdb-golang v1.2.1 h1:FqSaTxxT2mVRLbxGQVkZakRRoSzWhPmV8UEKYjA/GWc=
github.com/leesper/couchdb-golang v1.2.1/go.mod h1:OU3FDAM3mazHx15oi8Hm+egTMneBUqepwnh0LuBSH54=
